
Microsoft Visual Studio Solution File, Format Version 12.00
# Visual Studio Version 17
VisualStudioVersion = 17.8.34316.72
MinimumVisualStudioVersion = 10.0.40219.1
Project("{9A19103F-16F7-4668-BE54-9A1E7A4F7556}") = "webapentityframeworkdocker", "webapentityframeworkdocker\webapentityframeworkdocker.csproj", "{5E5B27A9-66E5-4407-9DDE-842002928551}"
EndProject
Project("{E53339B2-1760-4266-BCC7-CA923CBCF16C}") = "docker-compose", "docker-compose.dcproj", "{318DEABA-5CD2-4817-BE13-F3C32D320697}"
EndProject
Global
	GlobalSection(SolutionConfigurationPlatforms) = preSolution
		Debug|Any CPU = Debug|Any CPU
		Release|Any CPU = Release|Any CPU
	EndGlobalSection
	GlobalSection(ProjectConfigurationPlatforms) = postSolution
		{5E5B27A9-66E5-4407-9DDE-842002928551}.Debug|Any CPU.ActiveCfg = Debug|Any CPU
		{5E5B27A9-66E5-4407-9DDE-842002928551}.Debug|Any CPU.Build.0 = Debug|Any CPU
		{5E5B27A9-66E5-4407-9DDE-842002928551}.Release|Any CPU.ActiveCfg = Release|Any CPU
		{5E5B27A9-66E5-4407-9DDE-842002928551}.Release|Any CPU.Build.0 = Release|Any CPU
		{318DEABA-5CD2-4817-BE13-F3C32D320697}.Debug|Any CPU.ActiveCfg = Debug|Any CPU
		{318DEABA-5CD2-4817-BE13-F3C32D320697}.Debug|Any CPU.Build.0 = Debug|Any CPU
		{318DEABA-5CD2-4817-BE13-F3C32D320697}.Release|Any CPU.ActiveCfg = Release|Any CPU
		{318DEABA-5CD2-4817-BE13-F3C32D320697}.Release|Any CPU.Build.0 = Release|Any CPU
	EndGlobalSection
	GlobalSection(SolutionProperties) = preSolution
		HideSolutionNode = FALSE
	EndGlobalSection
	GlobalSection(ExtensibilityGlobals) = postSolution
		SolutionGuid = {B384FFDE-7B31-4A27-B586-3B1593207D67}
	EndGlobalSection
EndGlobal
